
Microsoft Visual Studio Solution File, Format Version 12.00
# Visual Studio 15
VisualStudioVersion = 15.0.27130.2036
MinimumVisualStudioVersion = 10.0.40219.1
Project("{9A19103F-16F7-4668-BE54-9A1E7A4F7556}") = "LeetCodeRepo", "LeetCodeRepo\LeetCodeRepo.csproj", "{83590127-0F8B-44E2-B155-9EF3E79E6A78}"
EndProject
Project("{FAE04EC0-301F-11D3-BF4B-00C04F79EFBC}") = "SolutionConsole", "SolutionConsole\SolutionConsole.csproj", "{54FBD79D-ACC3-460D-B534-614919F19198}"
EndProject
Global
	GlobalSection(SolutionConfigurationPlatforms) = preSolution
		Debug|Any CPU = Debug|Any CPU
		Release|Any CPU = Release|Any CPU
	EndGlobalSection
	GlobalSection(ProjectConfigurationPlatforms) = postSolution
		{83590127-0F8B-44E2-B155-9EF3E79E6A78}.Debug|Any CPU.ActiveCfg = Debug|Any CPU
		{83590127-0F8B-44E2-B155-9EF3E79E6A78}.Debug|Any CPU.Build.0 = Debug|Any CPU
		{83590127-0F8B-44E2-B155-9EF3E79E6A78}.Release|Any CPU.ActiveCfg = Release|Any CPU
		{83590127-0F8B-44E2-B155-9EF3E79E6A78}.Release|Any CPU.Build.0 = Release|Any CPU
		{54FBD79D-ACC3-460D-B534-614919F19198}.Debug|Any CPU.ActiveCfg = Debug|Any CPU
		{54FBD79D-ACC3-460D-B534-614919F19198}.Debug|Any CPU.Build.0 = Debug|Any CPU
		{54FBD79D-ACC3-460D-B534-614919F19198}.Release|Any CPU.ActiveCfg = Release|Any CPU
		{54FBD79D-ACC3-460D-B534-614919F19198}.Release|Any CPU.Build.0 = Release|Any CPU
	EndGlobalSection
	GlobalSection(SolutionProperties) = preSolution
		HideSolutionNode = FALSE
	EndGlobalSection
	GlobalSection(ExtensibilityGlobals) = postSolution
		SolutionGuid = {361F8B3B-C83D-47C6-A86E-803697731D59}
	EndGlobalSection
EndGlobal
